
Microsoft Visual Studio Solution File, Format Version 12.00
# Visual Studio Version 16
VisualStudioVersion = 16.0.30128.74
MinimumVisualStudioVersion = 10.0.40219.1
Project("{FAE04EC0-301F-11D3-BF4B-00C04F79EFBC}") = "Test", "Test\Test.csproj", "{07A688F9-CA8E-4F6D-8336-B28ED10C536C}"
EndProject
Global
	GlobalSection(SolutionConfigurationPlatforms) = preSolution
		Debug|Any CPU = Debug|Any CPU
		Release|Any CPU = Release|Any CPU
	EndGlobalSection
	GlobalSection(ProjectConfigurationPlatforms) = postSolution
		{07A688F9-CA8E-4F6D-8336-B28ED10C536C}.Debug|Any CPU.ActiveCfg = Debug|Any CPU
		{07A688F9-CA8E-4F6D-8336-B28ED10C536C}.Debug|Any CPU.Build.0 = Debug|Any CPU
		{07A688F9-CA8E-4F6D-8336-B28ED10C536C}.Release|Any CPU.ActiveCfg = Release|Any CPU
		{07A688F9-CA8E-4F6D-8336-B28ED10C536C}.Release|Any CPU.Build.0 = Release|Any CPU
	EndGlobalSection
	GlobalSection(SolutionProperties) = preSolution
		HideSolutionNode = FALSE
	EndGlobalSection
	GlobalSection(ExtensibilityGlobals) = postSolution
		SolutionGuid = {BB5C5B1B-95CD-4D7C-9835-FE46C49D3953}
	EndGlobalSection
EndGlobal
